
Microsoft Visual Studio Solution File, Format Version 12.00
# Visual Studio 14
VisualStudioVersion = 14.0.25123.0
MinimumVisualStudioVersion = 10.0.40219.1
Project("{2150E333-8FDC-42A3-9474-1A3956D46DE8}") = "Example", "Example", "{21BD307B-9BF2-40D3-8BA3-399CA1A7E88B}"
EndProject
Project("{FAE04EC0-301F-11D3-BF4B-00C04F79EFBC}") = "Example.Api.UnitTests", "Example.Api.UnitTests\Example.Api.UnitTests.csproj", "{737E7E7E-80C5-4D18-9BB4-7824DBE1F4A8}"
EndProject
Project("{FAE04EC0-301F-11D3-BF4B-00C04F79EFBC}") = "Example.Api", "Example.Api\Example.Api.csproj", "{CEB8D653-70F6-413B-B59C-8AD2D1753D64}"
EndProject
Global
	GlobalSection(SolutionConfigurationPlatforms) = preSolution
		Debug|Any CPU = Debug|Any CPU
		Release|Any CPU = Release|Any CPU
	EndGlobalSection
	GlobalSection(ProjectConfigurationPlatforms) = postSolution
		{737E7E7E-80C5-4D18-9BB4-7824DBE1F4A8}.Debug|Any CPU.ActiveCfg = Debug|Any CPU
		{737E7E7E-80C5-4D18-9BB4-7824DBE1F4A8}.Debug|Any CPU.Build.0 = Debug|Any CPU
		{737E7E7E-80C5-4D18-9BB4-7824DBE1F4A8}.Release|Any CPU.ActiveCfg = Release|Any CPU
		{737E7E7E-80C5-4D18-9BB4-7824DBE1F4A8}.Release|Any CPU.Build.0 = Release|Any CPU
		{CEB8D653-70F6-413B-B59C-8AD2D1753D64}.Debug|Any CPU.ActiveCfg = Debug|Any CPU
		{CEB8D653-70F6-413B-B59C-8AD2D1753D64}.Debug|Any CPU.Build.0 = Debug|Any CPU
		{CEB8D653-70F6-413B-B59C-8AD2D1753D64}.Release|Any CPU.ActiveCfg = Release|Any CPU
		{CEB8D653-70F6-413B-B59C-8AD2D1753D64}.Release|Any CPU.Build.0 = Release|Any CPU
	EndGlobalSection
	GlobalSection(SolutionProperties) = preSolution
		HideSolutionNode = FALSE
	EndGlobalSection
	GlobalSection(NestedProjects) = preSolution
		{737E7E7E-80C5-4D18-9BB4-7824DBE1F4A8} = {21BD307B-9BF2-40D3-8BA3-399CA1A7E88B}
		{CEB8D653-70F6-413B-B59C-8AD2D1753D64} = {21BD307B-9BF2-40D3-8BA3-399CA1A7E88B}
	EndGlobalSection
EndGlobal
